{
  "name": "emergy-testing",
  "lockfileVersion": 3,
  "requires": true,
  "packages": {
    "": {
      "dependencies": {
        "@tanstack/react-query": "^5.100.11",
        "lucide-react": "^1.16.0"
      }
    },
    "node_modules/@tanstack/query-core": {
      "version": "5.100.11",
      "resolved": "https://registry.npmjs.org/@tanstack/query-core/-/query-core-5.100.11.tgz",
      "integrity": "sha512-lmE0994apShXPj8CUxgx4ch5yUJhE9k/+tVwihBvPOyerACWdBocfFg24t8+0RhtlTd7tEgchDkhlCxNssvDxw==",
      "license": "MIT",
      "funding": {
        "type": "github",
        "url": "https://github.com/sponsors/tannerlinsley"
      }
    },
    "node_modules/@tanstack/react-query": {
      "version": "5.100.11",
      "resolved": "https://registry.npmjs.org/@tanstack/react-query/-/react-query-5.100.11.tgz",
      "integrity": "sha512-J0f9s5x3LE1450nNNfYx+e/n0DMa0uOBdFJUy5r0RvmsXd4nB/n0rbHtHI1vYXhikNFan+wf51p6Tmp4c8ucrg==",
      "license": "MIT",
      "dependencies": {
        "@tanstack/query-core": "5.100.11"
      },
      "funding": {
        "type": "github",
        "url": "https://github.com/sponsors/tannerlinsley"
      },
      "peerDependencies": {
        "react": "^18 || ^19"
      }
    },
    "node_modules/lucide-react": {
      "version": "1.16.0",
      "resolved": "https://registry.npmjs.org/lucide-react/-/lucide-react-1.16.0.tgz",
      "integrity": "sha512-dYwyPzb4MEKpGUmNYk3WKWPnMrHs3FKM+q94kAnJrcDIqqn1hq2xY8scaS2ovsOCM5D51ey2gaRG3PBb1vgoYQ==",
      "license": "ISC",
      "peerDependencies": {
        "react": "^16.5.1 || ^17.0.0 || ^18.0.0 || ^19.0.0"
      }
    },
    "node_modules/react": {
      "version": "19.2.6",
      "resolved": "https://registry.npmjs.org/react/-/react-19.2.6.tgz",
      "integrity": "sha512-sfWGGfavi0xr8Pg0sVsyHMAOziVYKgPLNrS7ig+ivMNb3wbCBw3KxtflsGBAwD3gYQlE/AEZsTLgToRrSCjb0Q==",
      "license": "MIT",
      "peer": true,
      "engines": {
        "node": ">=0.10.0"
      }
    }
  }
}
